
Microsoft Visual Studio Solution File, Format Version 12.00
Project("{FAE04EC0-301F-11D3-BF4B-00C04F79EFBC}") = "EmailSpamFilter.Core", "EmailSpamFilter.Core\EmailSpamFilter.Core.csproj", "{4541ED8B-77F4-4A64-B1DC-956E4D7A5457}"
EndProject
Project("{FAE04EC0-301F-11D3-BF4B-00C04F79EFBC}") = "EmailSpamFilter.Core.Test", "EmailSpamFilter.Core.Test\EmailSpamFilter.Core.Test.csproj", "{33C8C0E9-D0FA-40A8-9818-CF74D17A3B7B}"
EndProject
Global
	GlobalSection(SolutionConfigurationPlatforms) = preSolution
		Debug|Any CPU = Debug|Any CPU
		Release|Any CPU = Release|Any CPU
	EndGlobalSection
	GlobalSection(ProjectConfigurationPlatforms) = postSolution
		{4541ED8B-77F4-4A64-B1DC-956E4D7A5457}.Debug|Any CPU.ActiveCfg = Debug|Any CPU
		{4541ED8B-77F4-4A64-B1DC-956E4D7A5457}.Debug|Any CPU.Build.0 = Debug|Any CPU
		{4541ED8B-77F4-4A64-B1DC-956E4D7A5457}.Release|Any CPU.ActiveCfg = Release|Any CPU
		{4541ED8B-77F4-4A64-B1DC-956E4D7A5457}.Release|Any CPU.Build.0 = Release|Any CPU
		{33C8C0E9-D0FA-40A8-9818-CF74D17A3B7B}.Debug|Any CPU.ActiveCfg = Debug|Any CPU
		{33C8C0E9-D0FA-40A8-9818-CF74D17A3B7B}.Debug|Any CPU.Build.0 = Debug|Any CPU
		{33C8C0E9-D0FA-40A8-9818-CF74D17A3B7B}.Release|Any CPU.ActiveCfg = Release|Any CPU
		{33C8C0E9-D0FA-40A8-9818-CF74D17A3B7B}.Release|Any CPU.Build.0 = Release|Any CPU
	EndGlobalSection
EndGlobal
